# quantum-rootwrap command filters for nodes on which quantum is
# expected to control network
#
# This file should be owned by (and only-writeable by) the root user

# format seems to be
# cmd-name: filter-name, raw-command, user, args

[Filters]

# This is needed because we should ping
# from inside a namespace which requires root
ping: RegExpFilter, /bin/ping, root, ping, -w, \d+, -c, \d+, [0-9\.]+
ping6: RegExpFilter, /bin/ping6, root, ping6, -w, \d+, -c, \d+, [0-9A-Fa-f:]+
