# quantum-rootwrap command filters for nodes on which quantum is
# expected to control network
#
# This file should be owned by (and only-writeable by) the root user

# format seems to be
# cmd-name: filter-name, raw-command, user, args

[Filters]

# linuxbridge-agent
# unclear whether both variants are necessary, but I'm transliterating
# from the old mechanism
brctl: CommandFilter, /sbin/brctl, root
brctl_usr: CommandFilter, /usr/sbin/brctl, root

# ip_lib
ip: IpFilter, /sbin/ip, root
ip_usr: IpFilter, /usr/sbin/ip, root
ip_exec: IpNetnsExecFilter, /sbin/ip, root
ip_exec_usr: IpNetnsExecFilter, /usr/sbin/ip, root
